
Microsoft Visual Studio Solution File, Format Version 12.00
# Visual Studio Version 17
VisualStudioVersion = 17.5.002.0
MinimumVisualStudioVersion = 10.0.40219.1
Project("{9A19103F-16F7-4668-BE54-9A1E7A4F7556}") = "Vehiculos_g3", "Vehiculos_g3.csproj", "{97F4980C-DBE3-4A57-9453-F16EFD73AA6B}"
EndProject
Global
	GlobalSection(SolutionConfigurationPlatforms) = preSolution
		Debug|Any CPU = Debug|Any CPU
		Release|Any CPU = Release|Any CPU
	EndGlobalSection
	GlobalSection(ProjectConfigurationPlatforms) = postSolution
		{97F4980C-DBE3-4A57-9453-F16EFD73AA6B}.Debug|Any CPU.ActiveCfg = Debug|Any CPU
		{97F4980C-DBE3-4A57-9453-F16EFD73AA6B}.Debug|Any CPU.Build.0 = Debug|Any CPU
		{97F4980C-DBE3-4A57-9453-F16EFD73AA6B}.Release|Any CPU.ActiveCfg = Release|Any CPU
		{97F4980C-DBE3-4A57-9453-F16EFD73AA6B}.Release|Any CPU.Build.0 = Release|Any CPU
	EndGlobalSection
	GlobalSection(SolutionProperties) = preSolution
		HideSolutionNode = FALSE
	EndGlobalSection
	GlobalSection(ExtensibilityGlobals) = postSolution
		SolutionGuid = {0585ED8D-7C2B-49FB-B741-8982B7F74A11}
	EndGlobalSection
EndGlobal
